// !$*UTF8*$!
{
	archiveVersion = 1;
	classes = {
	};
	objectVersion = 56;
	objects = {

/* Begin PBXBuildFile section */
		08D9B7642A950D44006BC725 /* AppDelegate.swift in Sources */ = {isa = PBXBuildFile; fileRef = 08D9B7632A950D44006BC725 /* AppDelegate.swift */; };
		08D9B7662A950D44006BC725 /* SceneDelegate.swift in Sources */ = {isa = PBXBuildFile; fileRef = 08D9B7652A950D44006BC725 /* SceneDelegate.swift */; };
		08D9B7682A950D44006BC725 /* LoosesListViewController.swift in Sources */ = {isa = PBXBuildFile; fileRef = 08D9B7672A950D44006BC725 /* LoosesListViewController.swift */; };
		08D9B76D2A950D45006BC725 /* Assets.xcassets in Resources */ = {isa = PBXBuildFile; fileRef = 08D9B76C2A950D45006BC725 /* Assets.xcassets */; };
		08D9B7702A950D45006BC725 /* LaunchScreen.storyboard in Resources */ = {isa = PBXBuildFile; fileRef = 08D9B76E2A950D45006BC725 /* LaunchScreen.storyboard */; };
		08D9B77A2A951AF6006BC725 /* Coordinator.swift in Sources */ = {isa = PBXBuildFile; fileRef = 08D9B7792A951AF6006BC725 /* Coordinator.swift */; };
		08D9B77C2A951B47006BC725 /* AppCoordinator.swift in Sources */ = {isa = PBXBuildFile; fileRef = 08D9B77B2A951B47006BC725 /* AppCoordinator.swift */; };
		08D9B77F2A952646006BC725 /* LoosesListViewControllerKey.swift in Sources */ = {isa = PBXBuildFile; fileRef = 08D9B77E2A952646006BC725 /* LoosesListViewControllerKey.swift */; };
		08D9B7832A953B11006BC725 /* InjectionKey.swift in Sources */ = {isa = PBXBuildFile; fileRef = 08D9B7822A953B11006BC725 /* InjectionKey.swift */; };
		08D9B7852A953B9D006BC725 /* InjectedValues.swift in Sources */ = {isa = PBXBuildFile; fileRef = 08D9B7842A953B9D006BC725 /* InjectedValues.swift */; };
		08D9B7872A953BE5006BC725 /* Injected.swift in Sources */ = {isa = PBXBuildFile; fileRef = 08D9B7862A953BE5006BC725 /* Injected.swift */; };
		08D9B78C2A953F3F006BC725 /* LoosesListCoordinator.swift in Sources */ = {isa = PBXBuildFile; fileRef = 08D9B78B2A953F3F006BC725 /* LoosesListCoordinator.swift */; };
		08D9B7932A9639FB006BC725 /* russia_losses_personnel.json in Resources */ = {isa = PBXBuildFile; fileRef = 08D9B7912A9639FB006BC725 /* russia_losses_personnel.json */; };
		08D9B7942A9639FB006BC725 /* russia_losses_equipment.json in Resources */ = {isa = PBXBuildFile; fileRef = 08D9B7922A9639FB006BC725 /* russia_losses_equipment.json */; };
		08D9B7972A963D7B006BC725 /* DataService.swift in Sources */ = {isa = PBXBuildFile; fileRef = 08D9B7962A963D7B006BC725 /* DataService.swift */; };
		08D9B7992A963DC8006BC725 /* DataServiceProtocol.swift in Sources */ = {isa = PBXBuildFile; fileRef = 08D9B7982A963DC8006BC725 /* DataServiceProtocol.swift */; };
		08D9B79C2A963F45006BC725 /* EquipmentModel.swift in Sources */ = {isa = PBXBuildFile; fileRef = 08D9B79B2A963F45006BC725 /* EquipmentModel.swift */; };
		08D9B79E2A963F92006BC725 /* PersonnelModel.swift in Sources */ = {isa = PBXBuildFile; fileRef = 08D9B79D2A963F92006BC725 /* PersonnelModel.swift */; };
		08D9B7A02A9649F0006BC725 /* LoosesListViewModelProtocol.swift in Sources */ = {isa = PBXBuildFile; fileRef = 08D9B79F2A9649F0006BC725 /* LoosesListViewModelProtocol.swift */; };
		08D9B7A22A9649FD006BC725 /* LoosesListViewModel.swift in Sources */ = {isa = PBXBuildFile; fileRef = 08D9B7A12A9649FD006BC725 /* LoosesListViewModel.swift */; };
		08D9B7A42A965052006BC725 /* DataServiceKey.swift in Sources */ = {isa = PBXBuildFile; fileRef = 08D9B7A32A965052006BC725 /* DataServiceKey.swift */; };
		08D9B7A62A965636006BC725 /* LoosesListViewModelKey.swift in Sources */ = {isa = PBXBuildFile; fileRef = 08D9B7A52A965636006BC725 /* LoosesListViewModelKey.swift */; };
		08D9B7A82A966A73006BC725 /* LoosesTableViewCell.swift in Sources */ = {isa = PBXBuildFile; fileRef = 08D9B7A72A966A73006BC725 /* LoosesTableViewCell.swift */; };
		08D9B7AB2A966D68006BC725 /* UIColor+AppColors.swift in Sources */ = {isa = PBXBuildFile; fileRef = 08D9B7AA2A966D68006BC725 /* UIColor+AppColors.swift */; };
/* End PBXBuildFile section */

/* Begin PBXFileReference section */
		08D9B7602A950D44006BC725 /* Russia Looses.app */ = {isa = PBXFileReference; explicitFileType = wrapper.application; includeInIndex = 0; path = "Russia Looses.app"; sourceTree = BUILT_PRODUCTS_DIR; };
		08D9B7632A950D44006BC725 /* AppDelegate.swift */ = {isa = PBXFileReference; lastKnownFileType = sourcecode.swift; path = AppDelegate.swift; sourceTree = "<group>"; };
		08D9B7652A950D44006BC725 /* SceneDelegate.swift */ = {isa = PBXFileReference; lastKnownFileType = sourcecode.swift; path = SceneDelegate.swift; sourceTree = "<group>"; };
		08D9B7672A950D44006BC725 /* LoosesListViewController.swift */ = {isa = PBXFileReference; lastKnownFileType = sourcecode.swift; path = LoosesListViewController.swift; sourceTree = "<group>"; };
		08D9B76C2A950D45006BC725 /* Assets.xcassets */ = {isa = PBXFileReference; lastKnownFileType = folder.assetcatalog; path = Assets.xcassets; sourceTree = "<group>"; };
		08D9B76F2A950D45006BC725 /* Base */ = {isa = PBXFileReference; lastKnownFileType = file.storyboard; name = Base; path = Base.lproj/LaunchScreen.storyboard; sourceTree = "<group>"; };
		08D9B7712A950D45006BC725 /* Info.plist */ = {isa = PBXFileReference; lastKnownFileType = text.plist.xml; path = Info.plist; sourceTree = "<group>"; };
		08D9B7792A951AF6006BC725 /* Coordinator.swift */ = {isa = PBXFileReference; lastKnownFileType = sourcecode.swift; path = Coordinator.swift; sourceTree = "<group>"; };
		08D9B77B2A951B47006BC725 /* AppCoordinator.swift */ = {isa = PBXFileReference; lastKnownFileType = sourcecode.swift; path = AppCoordinator.swift; sourceTree = "<group>"; };
		08D9B77E2A952646006BC725 /* LoosesListViewControllerKey.swift */ = {isa = PBXFileReference; lastKnownFileType = sourcecode.swift; path = LoosesListViewControllerKey.swift; sourceTree = "<group>"; };
		08D9B7822A953B11006BC725 /* InjectionKey.swift */ = {isa = PBXFileReference; lastKnownFileType = sourcecode.swift; path = InjectionKey.swift; sourceTree = "<group>"; };
		08D9B7842A953B9D006BC725 /* InjectedValues.swift */ = {isa = PBXFileReference; lastKnownFileType = sourcecode.swift; path = InjectedValues.swift; sourceTree = "<group>"; };
		08D9B7862A953BE5006BC725 /* Injected.swift */ = {isa = PBXFileReference; lastKnownFileType = sourcecode.swift; path = Injected.swift; sourceTree = "<group>"; };
		08D9B78B2A953F3F006BC725 /* LoosesListCoordinator.swift */ = {isa = PBXFileReference; lastKnownFileType = sourcecode.swift; path = LoosesListCoordinator.swift; sourceTree = "<group>"; };
		08D9B7912A9639FB006BC725 /* russia_losses_personnel.json */ = {isa = PBXFileReference; fileEncoding = 4; lastKnownFileType = text.json; path = russia_losses_personnel.json; sourceTree = "<group>"; };
		08D9B7922A9639FB006BC725 /* russia_losses_equipment.json */ = {isa = PBXFileReference; fileEncoding = 4; lastKnownFileType = text.json; path = russia_losses_equipment.json; sourceTree = "<group>"; };
		08D9B7962A963D7B006BC725 /* DataService.swift */ = {isa = PBXFileReference; lastKnownFileType = sourcecode.swift; path = DataService.swift; sourceTree = "<group>"; };
		08D9B7982A963DC8006BC725 /* DataServiceProtocol.swift */ = {isa = PBXFileReference; lastKnownFileType = sourcecode.swift; path = DataServiceProtocol.swift; sourceTree = "<group>"; };
		08D9B79B2A963F45006BC725 /* EquipmentModel.swift */ = {isa = PBXFileReference; lastKnownFileType = sourcecode.swift; path = EquipmentModel.swift; sourceTree = "<group>"; };
		08D9B79D2A963F92006BC725 /* PersonnelModel.swift */ = {isa = PBXFileReference; lastKnownFileType = sourcecode.swift; path = PersonnelModel.swift; sourceTree = "<group>"; };
		08D9B79F2A9649F0006BC725 /* LoosesListViewModelProtocol.swift */ = {isa = PBXFileReference; lastKnownFileType = sourcecode.swift; path = LoosesListViewModelProtocol.swift; sourceTree = "<group>"; };
		08D9B7A12A9649FD006BC725 /* LoosesListViewModel.swift */ = {isa = PBXFileReference; lastKnownFileType = sourcecode.swift; path = LoosesListViewModel.swift; sourceTree = "<group>"; };
		08D9B7A32A965052006BC725 /* DataServiceKey.swift */ = {isa = PBXFileReference; lastKnownFileType = sourcecode.swift; path = DataServiceKey.swift; sourceTree = "<group>"; };
		08D9B7A52A965636006BC725 /* LoosesListViewModelKey.swift */ = {isa = PBXFileReference; lastKnownFileType = sourcecode.swift; path = LoosesListViewModelKey.swift; sourceTree = "<group>"; };
		08D9B7A72A966A73006BC725 /* LoosesTableViewCell.swift */ = {isa = PBXFileReference; lastKnownFileType = sourcecode.swift; path = LoosesTableViewCell.swift; sourceTree = "<group>"; };
		08D9B7AA2A966D68006BC725 /* UIColor+AppColors.swift */ = {isa = PBXFileReference; lastKnownFileType = sourcecode.swift; path = "UIColor+AppColors.swift"; sourceTree = "<group>"; };
/* End PBXFileReference section */

/* Begin PBXFrameworksBuildPhase section */
		08D9B75D2A950D44006BC725 /* Frameworks */ = {
			isa = PBXFrameworksBuildPhase;
			buildActionMask = 2147483647;
			files = (
			);
			runOnlyForDeploymentPostprocessing = 0;
		};
/* End PBXFrameworksBuildPhase section */

/* Begin PBXGroup section */
		08D9B7572A950D44006BC725 = {
			isa = PBXGroup;
			children = (
				08D9B7622A950D44006BC725 /* Russia Looses */,
				08D9B7612A950D44006BC725 /* Products */,
			);
			sourceTree = "<group>";
		};
		08D9B7612A950D44006BC725 /* Products */ = {
			isa = PBXGroup;
			children = (
				08D9B7602A950D44006BC725 /* Russia Looses.app */,
			);
			name = Products;
			sourceTree = "<group>";
		};
		08D9B7622A950D44006BC725 /* Russia Looses */ = {
			isa = PBXGroup;
			children = (
				08D9B7882A953EBB006BC725 /* Scenes */,
				08D9B7782A9515F0006BC725 /* Application */,
				08D9B7772A951166006BC725 /* Resources */,
				08D9B7952A963D11006BC725 /* Services */,
				08D9B7A92A966D2D006BC725 /* Extensions */,
				08D9B77D2A95258C006BC725 /* Common */,
			);
			path = "Russia Looses";
			sourceTree = "<group>";
		};
		08D9B7772A951166006BC725 /* Resources */ = {
			isa = PBXGroup;
			children = (
				08D9B7902A9639A6006BC725 /* Dataset */,
				08D9B76C2A950D45006BC725 /* Assets.xcassets */,
				08D9B76E2A950D45006BC725 /* LaunchScreen.storyboard */,
				08D9B7712A950D45006BC725 /* Info.plist */,
			);
			path = Resources;
			sourceTree = "<group>";
		};
		08D9B7782A9515F0006BC725 /* Application */ = {
			isa = PBXGroup;
			children = (
				08D9B7632A950D44006BC725 /* AppDelegate.swift */,
				08D9B7652A950D44006BC725 /* SceneDelegate.swift */,
				08D9B77B2A951B47006BC725 /* AppCoordinator.swift */,
			);
			path = Application;
			sourceTree = "<group>";
		};
		08D9B77D2A95258C006BC725 /* Common */ = {
			isa = PBXGroup;
			children = (
				08D9B7802A953AE9006BC725 /* DI */,
				08D9B7792A951AF6006BC725 /* Coordinator.swift */,
			);
			path = Common;
			sourceTree = "<group>";
		};
		08D9B7802A953AE9006BC725 /* DI */ = {
			isa = PBXGroup;
			children = (
				08D9B7812A953AF0006BC725 /* Protocol */,
				08D9B7842A953B9D006BC725 /* InjectedValues.swift */,
				08D9B7862A953BE5006BC725 /* Injected.swift */,
			);
			path = DI;
			sourceTree = "<group>";
		};
		08D9B7812A953AF0006BC725 /* Protocol */ = {
			isa = PBXGroup;
			children = (
				08D9B7822A953B11006BC725 /* InjectionKey.swift */,
			);
			path = Protocol;
			sourceTree = "<group>";
		};
		08D9B7882A953EBB006BC725 /* Scenes */ = {
			isa = PBXGroup;
			children = (
				08D9B7892A953ECC006BC725 /* LoosesListScene */,
				08D9B78A2A953EE2006BC725 /* DetailScene */,
			);
			path = Scenes;
			sourceTree = "<group>";
		};
		08D9B7892A953ECC006BC725 /* LoosesListScene */ = {
			isa = PBXGroup;
			children = (
				08D9B78B2A953F3F006BC725 /* LoosesListCoordinator.swift */,
				08D9B79A2A963F2C006BC725 /* Model */,
				08D9B78D2A96381C006BC725 /* View */,
				08D9B78F2A963965006BC725 /* ViewModel */,
				08D9B78E2A963902006BC725 /* DI */,
			);
			path = LoosesListScene;
			sourceTree = "<group>";
		};
		08D9B78A2A953EE2006BC725 /* DetailScene */ = {
			isa = PBXGroup;
			children = (
			);
			path = DetailScene;
			sourceTree = "<group>";
		};
		08D9B78D2A96381C006BC725 /* View */ = {
			isa = PBXGroup;
			children = (
				08D9B7672A950D44006BC725 /* LoosesListViewController.swift */,
				08D9B7A72A966A73006BC725 /* LoosesTableViewCell.swift */,
			);
			path = View;
			sourceTree = "<group>";
		};
		08D9B78E2A963902006BC725 /* DI */ = {
			isa = PBXGroup;
			children = (
				08D9B77E2A952646006BC725 /* LoosesListViewControllerKey.swift */,
				08D9B7A32A965052006BC725 /* DataServiceKey.swift */,
				08D9B7A52A965636006BC725 /* LoosesListViewModelKey.swift */,
			);
			path = DI;
			sourceTree = "<group>";
		};
		08D9B78F2A963965006BC725 /* ViewModel */ = {
			isa = PBXGroup;
			children = (
				08D9B79F2A9649F0006BC725 /* LoosesListViewModelProtocol.swift */,
				08D9B7A12A9649FD006BC725 /* LoosesListViewModel.swift */,
			);
			path = ViewModel;
			sourceTree = "<group>";
		};
		08D9B7902A9639A6006BC725 /* Dataset */ = {
			isa = PBXGroup;
			children = (
				08D9B7922A9639FB006BC725 /* russia_losses_equipment.json */,
				08D9B7912A9639FB006BC725 /* russia_losses_personnel.json */,
			);
			path = Dataset;
			sourceTree = "<group>";
		};
		08D9B7952A963D11006BC725 /* Services */ = {
			isa = PBXGroup;
			children = (
				08D9B7962A963D7B006BC725 /* DataService.swift */,
				08D9B7982A963DC8006BC725 /* DataServiceProtocol.swift */,
			);
			path = Services;
			sourceTree = "<group>";
		};
		08D9B79A2A963F2C006BC725 /* Model */ = {
			isa = PBXGroup;
			children = (
				08D9B79B2A963F45006BC725 /* EquipmentModel.swift */,
				08D9B79D2A963F92006BC725 /* PersonnelModel.swift */,
			);
			path = Model;
			sourceTree = "<group>";
		};
		08D9B7A92A966D2D006BC725 /* Extensions */ = {
			isa = PBXGroup;
			children = (
				08D9B7AA2A966D68006BC725 /* UIColor+AppColors.swift */,
			);
			path = Extensions;
			sourceTree = "<group>";
		};
/* End PBXGroup section */

/* Begin PBXNativeTarget section */
		08D9B75F2A950D44006BC725 /* Russia Looses */ = {
			isa = PBXNativeTarget;
			buildConfigurationList = 08D9B7742A950D45006BC725 /* Build configuration list for PBXNativeTarget "Russia Looses" */;
			buildPhases = (
				08D9B75C2A950D44006BC725 /* Sources */,
				08D9B75D2A950D44006BC725 /* Frameworks */,
				08D9B75E2A950D44006BC725 /* Resources */,
			);
			buildRules = (
			);
			dependencies = (
			);
			name = "Russia Looses";
			productName = "Russia Looses";
			productReference = 08D9B7602A950D44006BC725 /* Russia Looses.app */;
			productType = "com.apple.product-type.application";
		};
/* End PBXNativeTarget section */

/* Begin PBXProject section */
		08D9B7582A950D44006BC725 /* Project object */ = {
			isa = PBXProject;
			attributes = {
				BuildIndependentTargetsInParallel = 1;
				LastSwiftUpdateCheck = 1430;
				LastUpgradeCheck = 1430;
				TargetAttributes = {
					08D9B75F2A950D44006BC725 = {
						CreatedOnToolsVersion = 14.3;
					};
				};
			};
			buildConfigurationList = 08D9B75B2A950D44006BC725 /* Build configuration list for PBXProject "Russia Looses" */;
			compatibilityVersion = "Xcode 14.0";
			developmentRegion = en;
			hasScannedForEncodings = 0;
			knownRegions = (
				en,
				Base,
			);
			mainGroup = 08D9B7572A950D44006BC725;
			productRefGroup = 08D9B7612A950D44006BC725 /* Products */;
			projectDirPath = "";
			projectRoot = "";
			targets = (
				08D9B75F2A950D44006BC725 /* Russia Looses */,
			);
		};
/* End PBXProject section */

/* Begin PBXResourcesBuildPhase section */
		08D9B75E2A950D44006BC725 /* Resources */ = {
			isa = PBXResourcesBuildPhase;
			buildActionMask = 2147483647;
			files = (
				08D9B7932A9639FB006BC725 /* russia_losses_personnel.json in Resources */,
				08D9B7702A950D45006BC725 /* LaunchScreen.storyboard in Resources */,
				08D9B7942A9639FB006BC725 /* russia_losses_equipment.json in Resources */,
				08D9B76D2A950D45006BC725 /* Assets.xcassets in Resources */,
			);
			runOnlyForDeploymentPostprocessing = 0;
		};
/* End PBXResourcesBuildPhase section */

/* Begin PBXSourcesBuildPhase section */
		08D9B75C2A950D44006BC725 /* Sources */ = {
			isa = PBXSourcesBuildPhase;
			buildActionMask = 2147483647;
			files = (
				08D9B77A2A951AF6006BC725 /* Coordinator.swift in Sources */,
				08D9B7AB2A966D68006BC725 /* UIColor+AppColors.swift in Sources */,
				08D9B7A22A9649FD006BC725 /* LoosesListViewModel.swift in Sources */,
				08D9B78C2A953F3F006BC725 /* LoosesListCoordinator.swift in Sources */,
				08D9B7A02A9649F0006BC725 /* LoosesListViewModelProtocol.swift in Sources */,
				08D9B79C2A963F45006BC725 /* EquipmentModel.swift in Sources */,
				08D9B7682A950D44006BC725 /* LoosesListViewController.swift in Sources */,
				08D9B79E2A963F92006BC725 /* PersonnelModel.swift in Sources */,
				08D9B7872A953BE5006BC725 /* Injected.swift in Sources */,
				08D9B77C2A951B47006BC725 /* AppCoordinator.swift in Sources */,
				08D9B7972A963D7B006BC725 /* DataService.swift in Sources */,
				08D9B7642A950D44006BC725 /* AppDelegate.swift in Sources */,
				08D9B7832A953B11006BC725 /* InjectionKey.swift in Sources */,
				08D9B7A42A965052006BC725 /* DataServiceKey.swift in Sources */,
				08D9B7A82A966A73006BC725 /* LoosesTableViewCell.swift in Sources */,
				08D9B7A62A965636006BC725 /* LoosesListViewModelKey.swift in Sources */,
				08D9B7852A953B9D006BC725 /* InjectedValues.swift in Sources */,
				08D9B7992A963DC8006BC725 /* DataServiceProtocol.swift in Sources */,
				08D9B77F2A952646006BC725 /* LoosesListViewControllerKey.swift in Sources */,
				08D9B7662A950D44006BC725 /* SceneDelegate.swift in Sources */,
			);
			runOnlyForDeploymentPostprocessing = 0;
		};
/* End PBXSourcesBuildPhase section */

/* Begin PBXVariantGroup section */
		08D9B76E2A950D45006BC725 /* LaunchScreen.storyboard */ = {
			isa = PBXVariantGroup;
			children = (
				08D9B76F2A950D45006BC725 /* Base */,
			);
			name = LaunchScreen.storyboard;
			sourceTree = "<group>";
		};
/* End PBXVariantGroup section */

/* Begin XCBuildConfiguration section */
		08D9B7722A950D45006BC725 /* Debug */ = {
			isa = XCBuildConfiguration;
			buildSettings = {
				ALWAYS_SEARCH_USER_PATHS = NO;
				CLANG_ANALYZER_NONNULL = YES;
				CLANG_ANALYZER_NUMBER_OBJECT_CONVERSION = YES_AGGRESSIVE;
				CLANG_CXX_LANGUAGE_STANDARD = "gnu++20";
				CLANG_ENABLE_MODULES = YES;
				CLANG_ENABLE_OBJC_ARC = YES;
				CLANG_ENABLE_OBJC_WEAK = YES;
				CLANG_WARN_BLOCK_CAPTURE_AUTORELEASING = YES;
				CLANG_WARN_BOOL_CONVERSION = YES;
				CLANG_WARN_COMMA = YES;
				CLANG_WARN_CONSTANT_CONVERSION = YES;
				CLANG_WARN_DEPRECATED_OBJC_IMPLEMENTATIONS = YES;
				CLANG_WARN_DIRECT_OBJC_ISA_USAGE = YES_ERROR;
				CLANG_WARN_DOCUMENTATION_COMMENTS = YES;
				CLANG_WARN_EMPTY_BODY = YES;
				CLANG_WARN_ENUM_CONVERSION = YES;
				CLANG_WARN_INFINITE_RECURSION = YES;
				CLANG_WARN_INT_CONVERSION = YES;
				CLANG_WARN_NON_LITERAL_NULL_CONVERSION = YES;
				CLANG_WARN_OBJC_IMPLICIT_RETAIN_SELF = YES;
				CLANG_WARN_OBJC_LITERAL_CONVERSION = YES;
				CLANG_WARN_OBJC_ROOT_CLASS = YES_ERROR;
				CLANG_WARN_QUOTED_INCLUDE_IN_FRAMEWORK_HEADER = YES;
				CLANG_WARN_RANGE_LOOP_ANALYSIS = YES;
				CLANG_WARN_STRICT_PROTOTYPES = YES;
				CLANG_WARN_SUSPICIOUS_MOVE = YES;
				CLANG_WARN_UNGUARDED_AVAILABILITY = YES_AGGRESSIVE;
				CLANG_WARN_UNREACHABLE_CODE = YES;
				CLANG_WARN__DUPLICATE_METHOD_MATCH = YES;
				COPY_PHASE_STRIP = NO;
				DEBUG_INFORMATION_FORMAT = dwarf;
				ENABLE_STRICT_OBJC_MSGSEND = YES;
				ENABLE_TESTABILITY = YES;
				GCC_C_LANGUAGE_STANDARD = gnu11;
				GCC_DYNAMIC_NO_PIC = NO;
				GCC_NO_COMMON_BLOCKS = YES;
				GCC_OPTIMIZATION_LEVEL = 0;
				GCC_PREPROCESSOR_DEFINITIONS = (
					"DEBUG=1",
					"$(inherited)",
				);
				GCC_WARN_64_TO_32_BIT_CONVERSION = YES;
				GCC_WARN_ABOUT_RETURN_TYPE = YES_ERROR;
				GCC_WARN_UNDECLARED_SELECTOR = YES;
				GCC_WARN_UNINITIALIZED_AUTOS = YES_AGGRESSIVE;
				GCC_WARN_UNUSED_FUNCTION = YES;
				GCC_WARN_UNUSED_VARIABLE = YES;
				IPHONEOS_DEPLOYMENT_TARGET = 16.4;
				MTL_ENABLE_DEBUG_INFO = INCLUDE_SOURCE;
				MTL_FAST_MATH = YES;
				ONLY_ACTIVE_ARCH = YES;
				SDKROOT = iphoneos;
				SWIFT_ACTIVE_COMPILATION_CONDITIONS = DEBUG;
				SWIFT_OPTIMIZATION_LEVEL = "-Onone";
			};
			name = Debug;
		};
		08D9B7732A950D45006BC725 /* Release */ = {
			isa = XCBuildConfiguration;
			buildSettings = {
				ALWAYS_SEARCH_USER_PATHS = NO;
				CLANG_ANALYZER_NONNULL = YES;
				CLANG_ANALYZER_NUMBER_OBJECT_CONVERSION = YES_AGGRESSIVE;
				CLANG_CXX_LANGUAGE_STANDARD = "gnu++20";
				CLANG_ENABLE_MODULES = YES;
				CLANG_ENABLE_OBJC_ARC = YES;
				CLANG_ENABLE_OBJC_WEAK = YES;
				CLANG_WARN_BLOCK_CAPTURE_AUTORELEASING = YES;
				CLANG_WARN_BOOL_CONVERSION = YES;
				CLANG_WARN_COMMA = YES;
				CLANG_WARN_CONSTANT_CONVERSION = YES;
				CLANG_WARN_DEPRECATED_OBJC_IMPLEMENTATIONS = YES;
				CLANG_WARN_DIRECT_OBJC_ISA_USAGE = YES_ERROR;
				CLANG_WARN_DOCUMENTATION_COMMENTS = YES;
				CLANG_WARN_EMPTY_BODY = YES;
				CLANG_WARN_ENUM_CONVERSION = YES;
				CLANG_WARN_INFINITE_RECURSION = YES;
				CLANG_WARN_INT_CONVERSION = YES;
				CLANG_WARN_NON_LITERAL_NULL_CONVERSION = YES;
				CLANG_WARN_OBJC_IMPLICIT_RETAIN_SELF = YES;
				CLANG_WARN_OBJC_LITERAL_CONVERSION = YES;
				CLANG_WARN_OBJC_ROOT_CLASS = YES_ERROR;
				CLANG_WARN_QUOTED_INCLUDE_IN_FRAMEWORK_HEADER = YES;
				CLANG_WARN_RANGE_LOOP_ANALYSIS = YES;
				CLANG_WARN_STRICT_PROTOTYPES = YES;
				CLANG_WARN_SUSPICIOUS_MOVE = YES;
				CLANG_WARN_UNGUARDED_AVAILABILITY = YES_AGGRESSIVE;
				CLANG_WARN_UNREACHABLE_CODE = YES;
				CLANG_WARN__DUPLICATE_METHOD_MATCH = YES;
				COPY_PHASE_STRIP = NO;
				DEBUG_INFORMATION_FORMAT = "dwarf-with-dsym";
				ENABLE_NS_ASSERTIONS = NO;
				ENABLE_STRICT_OBJC_MSGSEND = YES;
				GCC_C_LANGUAGE_STANDARD = gnu11;
				GCC_NO_COMMON_BLOCKS = YES;
				GCC_WARN_64_TO_32_BIT_CONVERSION = YES;
				GCC_WARN_ABOUT_RETURN_TYPE = YES_ERROR;
				GCC_WARN_UNDECLARED_SELECTOR = YES;
				GCC_WARN_UNINITIALIZED_AUTOS = YES_AGGRESSIVE;
				GCC_WARN_UNUSED_FUNCTION = YES;
				GCC_WARN_UNUSED_VARIABLE = YES;
				IPHONEOS_DEPLOYMENT_TARGET = 16.4;
				MTL_ENABLE_DEBUG_INFO = NO;
				MTL_FAST_MATH = YES;
				SDKROOT = iphoneos;
				SWIFT_COMPILATION_MODE = wholemodule;
				SWIFT_OPTIMIZATION_LEVEL = "-O";
				VALIDATE_PRODUCT = YES;
			};
			name = Release;
		};
		08D9B7752A950D45006BC725 /* Debug */ = {
			isa = XCBuildConfiguration;
			buildSettings = {
				ASSETCATALOG_COMPILER_APPICON_NAME = AppIcon;
				ASSETCATALOG_COMPILER_GLOBAL_ACCENT_COLOR_NAME = AccentColor;
				CODE_SIGN_STYLE = Automatic;
				CURRENT_PROJECT_VERSION = 1;
				DEVELOPMENT_TEAM = 82JRS96G7R;
				GENERATE_INFOPLIST_FILE = YES;
				INFOPLIST_FILE = "Russia Looses/Resources/Info.plist";
				INFOPLIST_KEY_UIApplicationSupportsIndirectInputEvents = YES;
				INFOPLIST_KEY_UILaunchStoryboardName = LaunchScreen;
				INFOPLIST_KEY_UISupportedInterfaceOrientations_iPad = "UIInterfaceOrientationPortrait UIInterfaceOrientationPortraitUpsideDown UIInterfaceOrientationLandscapeLeft UIInterfaceOrientationLandscapeRight";
				INFOPLIST_KEY_UISupportedInterfaceOrientations_iPhone = "UIInterfaceOrientationPortrait UIInterfaceOrientationLandscapeLeft UIInterfaceOrientationLandscapeRight";
				LD_RUNPATH_SEARCH_PATHS = (
					"$(inherited)",
					"@executable_path/Frameworks",
				);
				MARKETING_VERSION = 1.0;
				PRODUCT_BUNDLE_IDENTIFIER = "Molodets-Serhii.Russia-Looses";
				PRODUCT_NAME = "$(TARGET_NAME)";
				SWIFT_EMIT_LOC_STRINGS = YES;
				SWIFT_VERSION = 5.0;
				TARGETED_DEVICE_FAMILY = "1,2";
			};
			name = Debug;
		};
		08D9B7762A950D45006BC725 /* Release */ = {
			isa = XCBuildConfiguration;
			buildSettings = {
				ASSETCATALOG_COMPILER_APPICON_NAME = AppIcon;
				ASSETCATALOG_COMPILER_GLOBAL_ACCENT_COLOR_NAME = AccentColor;
				CODE_SIGN_STYLE = Automatic;
				CURRENT_PROJECT_VERSION = 1;
				DEVELOPMENT_TEAM = 82JRS96G7R;
				GENERATE_INFOPLIST_FILE = YES;
				INFOPLIST_FILE = "Russia Looses/Resources/Info.plist";
				INFOPLIST_KEY_UIApplicationSupportsIndirectInputEvents = YES;
				INFOPLIST_KEY_UILaunchStoryboardName = LaunchScreen;
				INFOPLIST_KEY_UISupportedInterfaceOrientations_iPad = "UIInterfaceOrientationPortrait UIInterfaceOrientationPortraitUpsideDown UIInterfaceOrientationLandscapeLeft UIInterfaceOrientationLandscapeRight";
				INFOPLIST_KEY_UISupportedInterfaceOrientations_iPhone = "UIInterfaceOrientationPortrait UIInterfaceOrientationLandscapeLeft UIInterfaceOrientationLandscapeRight";
				LD_RUNPATH_SEARCH_PATHS = (
					"$(inherited)",
					"@executable_path/Frameworks",
				);
				MARKETING_VERSION = 1.0;
				PRODUCT_BUNDLE_IDENTIFIER = "Molodets-Serhii.Russia-Looses";
				PRODUCT_NAME = "$(TARGET_NAME)";
				SWIFT_EMIT_LOC_STRINGS = YES;
				SWIFT_VERSION = 5.0;
				TARGETED_DEVICE_FAMILY = "1,2";
			};
			name = Release;
		};
/* End XCBuildConfiguration section */

/* Begin XCConfigurationList section */
		08D9B75B2A950D44006BC725 /* Build configuration list for PBXProject "Russia Looses" */ = {
			isa = XCConfigurationList;
			buildConfigurations = (
				08D9B7722A950D45006BC725 /* Debug */,
				08D9B7732A950D45006BC725 /* Release */,
			);
			defaultConfigurationIsVisible = 0;
			defaultConfigurationName = Release;
		};
		08D9B7742A950D45006BC725 /* Build configuration list for PBXNativeTarget "Russia Looses" */ = {
			isa = XCConfigurationList;
			buildConfigurations = (
				08D9B7752A950D45006BC725 /* Debug */,
				08D9B7762A950D45006BC725 /* Release */,
			);
			defaultConfigurationIsVisible = 0;
			defaultConfigurationName = Release;
		};
/* End XCConfigurationList section */
	};
	rootObject = 08D9B7582A950D44006BC725 /* Project object */;
}
